{
	"name": "SharedBrowsers.wlp",
	"version": "1.0.0",
	"lockfileVersion": 3,
	"requires": true,
	"packages": {
		"": {
			"name": "SharedBrowsers.wlp",
			"version": "1.0.0",
			"license": "MIT",
			"dependencies": {
				"@hyperbeam/web": "^0.0.30",
				"@wonderlandengine/api": "^1.1.2",
				"@wonderlandengine/components": "^1.0.6",
				"gl-matrix": "^3.4.3"
			}
		},
		"node_modules/@hyperbeam/web": {
			"version": "0.0.30",
			"resolved": "https://registry.npmjs.org/@hyperbeam/web/-/web-0.0.30.tgz",
			"integrity": "sha512-gb0Rrbnp8tdvDVVUbRtRFYtTlO8USCNAvdURNPsKg8HB75KsnZTYxv1k1+yhUVXvpVLeRi/GBgYKNybtUuKR1g==",
			"dependencies": {
				"@types/chrome": "^0.0.178"
			}
		},
		"node_modules/@types/chrome": {
			"version": "0.0.178",
			"resolved": "https://registry.npmjs.org/@types/chrome/-/chrome-0.0.178.tgz",
			"integrity": "sha512-U+G5YG2pH0qvLrYVJ9aT5VbPXYR3fAFyCuRBRAA14Pv7GrkFzDJuXPspgdeLYaKzGEp4rymUkuqUOuFz18LI1g==",
			"dependencies": {
				"@types/filesystem": "*",
				"@types/har-format": "*"
			}
		},
		"node_modules/@types/earcut": {
			"version": "2.1.3",
			"resolved": "https://registry.npmjs.org/@types/earcut/-/earcut-2.1.3.tgz",
			"integrity": "sha512-pskpibEbm73+7nA9RqxGEnAiALRO92DdoSVxasyjGrqzEndaSDjFG73GCtstMzhdOowZMItVw2fhTdxVrY221w=="
		},
		"node_modules/@types/filesystem": {
			"version": "0.0.34",
			"resolved": "https://registry.npmjs.org/@types/filesystem/-/filesystem-0.0.34.tgz",
			"integrity": "sha512-La4bGrgck8/rosDUA1DJJP8hrFcKq0BV6JaaVlNnOo1rJdJDcft3//slEbAmsWNUJwXRCc0DXpeO40yuATlexw==",
			"dependencies": {
				"@types/filewriter": "*"
			}
		},
		"node_modules/@types/filewriter": {
			"version": "0.0.31",
			"resolved": "https://registry.npmjs.org/@types/filewriter/-/filewriter-0.0.31.tgz",
			"integrity": "sha512-12df1utOvPC80+UaVoOO1d81X8pa5MefHNS+gWX9R2ucSESpMz9K5QwlTWDGKASrzCpSFwj7NPYh+nTsolgEGA=="
		},
		"node_modules/@types/har-format": {
			"version": "1.2.14",
			"resolved": "https://registry.npmjs.org/@types/har-format/-/har-format-1.2.14.tgz",
			"integrity": "sha512-pEmBAoccWvO6XbSI8A7KvIDGEoKtlLWtdqVCKoVBcCDSFvR4Ijd7zGLu7MWGEqk2r8D54uWlMRt+VZuSrfFMzQ=="
		},
		"node_modules/@types/webxr": {
			"version": "0.5.7",
			"resolved": "https://registry.npmjs.org/@types/webxr/-/webxr-0.5.7.tgz",
			"integrity": "sha512-Rcgs5c2eNFnHp53YOjgtKfl/zWX1Y+uFGUwlSXrWcZWu3yhANRezmph4MninmqybUYT6g9ZE0aQ9QIdPkLR3Kg=="
		},
		"node_modules/@wonderlandengine/api": {
			"version": "1.1.3",
			"resolved": "https://registry.npmjs.org/@wonderlandengine/api/-/api-1.1.3.tgz",
			"integrity": "sha512-/9hO3+fE4t4szBq2A1hsZBkwHLFBxUbi+ZAzxwUnHR2tTRANY58RZALHyj8qyKIhuj0QL3mofg/4gShCGq4KOQ==",
			"dependencies": {
				"@types/webxr": "^0.5.0",
				"wasm-feature-detect": "^1.3.0"
			}
		},
		"node_modules/@wonderlandengine/components": {
			"version": "1.0.6",
			"resolved": "https://registry.npmjs.org/@wonderlandengine/components/-/components-1.0.6.tgz",
			"integrity": "sha512-a2qL47aCURZBYpxyaF/CduTBvMAkOmi66vt5/RywEfiDGIqxA01sbaj4TpI922RyNm4gYucnbzUphQNgiuJ2aQ==",
			"dependencies": {
				"@types/earcut": "^2.1.1",
				"@types/webxr": "^0.5.0",
				"earcut": "^2.2.4",
				"gl-matrix": "^3.3.0",
				"howler": "^2.2.1"
			},
			"peerDependencies": {
				"@wonderlandengine/api": "^1.0.0"
			}
		},
		"node_modules/earcut": {
			"version": "2.2.4",
			"resolved": "https://registry.npmjs.org/earcut/-/earcut-2.2.4.tgz",
			"integrity": "sha512-/pjZsA1b4RPHbeWZQn66SWS8nZZWLQQ23oE3Eam7aroEFGEvwKAsJfZ9ytiEMycfzXWpca4FA9QIOehf7PocBQ=="
		},
		"node_modules/gl-matrix": {
			"version": "3.4.3",
			"resolved": "https://registry.npmjs.org/gl-matrix/-/gl-matrix-3.4.3.tgz",
			"integrity": "sha512-wcCp8vu8FT22BnvKVPjXa/ICBWRq/zjFfdofZy1WSpQZpphblv12/bOQLBC1rMM7SGOFS9ltVmKOHil5+Ml7gA=="
		},
		"node_modules/howler": {
			"version": "2.2.4",
			"resolved": "https://registry.npmjs.org/howler/-/howler-2.2.4.tgz",
			"integrity": "sha512-iARIBPgcQrwtEr+tALF+rapJ8qSc+Set2GJQl7xT1MQzWaVkFebdJhR3alVlSiUf5U7nAANKuj3aWpwerocD5w=="
		},
		"node_modules/wasm-feature-detect": {
			"version": "1.6.0",
			"resolved": "https://registry.npmjs.org/wasm-feature-detect/-/wasm-feature-detect-1.6.0.tgz",
			"integrity": "sha512-9pU2FAr7OaZarGJBU6eMg2a03gFDHhUoGCb5ob9MVT+d58eFz6eVhiXnPOO9BNoDE8KRKbuqO96cuOtUJJuekw=="
		}
	}
}
